<?xml version="1.0" encoding="UTF-8" standalone="yes" ?>
<CodeBlocks_project_file>
	<FileVersion major="1" minor="6" />
	<Project>
		<Option title="sfmltest" />
		<Option pch_mode="2" />
		<Option compiler="gcc" />
		<Build>
			<Target title="Debug">
				<Option output="bin/Debug/sfmltest" prefix_auto="1" extension_auto="1" />
				<Option object_output="obj/Debug/" />
				<Option type="1" />
				<Option compiler="gcc" />
				<Compiler>
					<Add option="-g" />
				</Compiler>
			</Target>
			<Target title="Release">
				<Option output="bin/Release/sfmltest" prefix_auto="1" extension_auto="1" />
				<Option object_output="obj/Release/" />
				<Option type="1" />
				<Option compiler="gcc" />
				<Compiler>
					<Add option="-O2" />
				</Compiler>
				<Linker>
					<Add option="-s" />
				</Linker>
			</Target>
		</Build>
		<Compiler>
			<Add option="-O2" />
			<Add option="-Wextra" />
			<Add option="-Wall" />
			<Add option="-Werror" />
			<Add directory="E:/SFML-2.2/include" />
			<Add directory="srcs" />
		</Compiler>
		<Linker>
			<Add library="sfml-graphics" />
			<Add library="sfml-window" />
			<Add library="sfml-system" />
			<Add directory="E:/SFML-2.2/lib" />
			<Add directory="E:/SFML-2.2/bin" />
		</Linker>
		<Unit filename="srcs/IMonitorDisplay.cpp" />
		<Unit filename="srcs/IMonitorDisplay.hpp" />
		<Unit filename="srcs/ft_gkrellm.hpp" />
		<Unit filename="srcs/ft_sfml/Background.cpp" />
		<Unit filename="srcs/ft_sfml/Background.hpp" />
		<Unit filename="srcs/ft_sfml/DefaultTextBox.cpp" />
		<Unit filename="srcs/ft_sfml/DefaultTextBox.hpp" />
		<Unit filename="srcs/ft_sfml/Module.cpp" />
		<Unit filename="srcs/ft_sfml/Module.hpp" />
		<Unit filename="srcs/ft_sfml/RoundedBox.cpp" />
		<Unit filename="srcs/ft_sfml/RoundedBox.hpp" />
		<Unit filename="srcs/ft_sfml/Window.cpp" />
		<Unit filename="srcs/ft_sfml/Window.hpp" />
		<Unit filename="srcs/main.cpp" />
		<Unit filename="srcs/modules/Data.cpp" />
		<Unit filename="srcs/modules/Data.hpp" />
		<Unit filename="srcs/modules/IMonitorModule.cpp" />
		<Unit filename="srcs/modules/IMonitorModule.hpp" />
		<Unit filename="srcs/modules/TimeModule.cpp" />
		<Unit filename="srcs/modules/TimeModule.hpp" />
		<Extensions>
			<code_completion />
			<envvars />
			<debugger />
			<lib_finder disable_auto="1" />
		</Extensions>
	</Project>
</CodeBlocks_project_file>
